# THIS IS AN AUTOGENERATED FILE. DO NOT EDIT THIS FILE DIRECTLY.
# yarn lockfile v1


"@types/google-apps-script@^1.0.56":
  version "1.0.56"
  resolved "https://registry.yarnpkg.com/@types/google-apps-script/-/google-apps-script-1.0.56.tgz#5d0930bf6c224913532da4c63bede1df2d17afe2"
  integrity sha512-3YGOtRlnWPSARl/n2BKt0qiIA6Y3/5BLC2zH9s/jcu+1rpxR07noLCFxTZ2BQBIfDl6+Vs9iKjLTgdbbL8q/mg==
